
Microsoft Visual Studio Solution File, Format Version 12.00
# Visual Studio 15
VisualStudioVersion = 15.0.27130.2010
MinimumVisualStudioVersion = 10.0.40219.1
Project("{FAE04EC0-301F-11D3-BF4B-00C04F79EFBC}") = "Username Generator", "Username Generator\Username Generator.csproj", "{B80834A9-6D0A-401E-A4C1-5B36F363EACB}"
EndProject
Global
	GlobalSection(SolutionConfigurationPlatforms) = preSolution
		Debug|Any CPU = Debug|Any CPU
		Release|Any CPU = Release|Any CPU
	EndGlobalSection
	GlobalSection(ProjectConfigurationPlatforms) = postSolution
		{B80834A9-6D0A-401E-A4C1-5B36F363EACB}.Debug|Any CPU.ActiveCfg = Debug|Any CPU
		{B80834A9-6D0A-401E-A4C1-5B36F363EACB}.Debug|Any CPU.Build.0 = Debug|Any CPU
		{B80834A9-6D0A-401E-A4C1-5B36F363EACB}.Release|Any CPU.ActiveCfg = Release|Any CPU
		{B80834A9-6D0A-401E-A4C1-5B36F363EACB}.Release|Any CPU.Build.0 = Release|Any CPU
	EndGlobalSection
	GlobalSection(SolutionProperties) = preSolution
		HideSolutionNode = FALSE
	EndGlobalSection
	GlobalSection(ExtensibilityGlobals) = postSolution
		SolutionGuid = {3E35C9C7-F9A2-4D65-B08D-34BBD311BF01}
	EndGlobalSection
EndGlobal
